
Microsoft Visual Studio Solution File, Format Version 12.00
# Visual Studio Version 16
VisualStudioVersion = 16.0.31410.357
MinimumVisualStudioVersion = 10.0.40219.1
Project("{9A19103F-16F7-4668-BE54-9A1E7A4F7556}") = "madFurry", "madFurry.csproj", "{7DAB488D-7699-4FCF-BE70-64D4C19DDC52}"
EndProject
Project("{FAE04EC0-301F-11D3-BF4B-00C04F79EFBC}") = "Tests", "..\Tests\Tests.csproj", "{96DBF660-644E-4261-A5FF-16EF8B4E5BC8}"
EndProject
Global
	GlobalSection(SolutionConfigurationPlatforms) = preSolution
		Debug|Any CPU = Debug|Any CPU
		Release|Any CPU = Release|Any CPU
	EndGlobalSection
	GlobalSection(ProjectConfigurationPlatforms) = postSolution
		{7DAB488D-7699-4FCF-BE70-64D4C19DDC52}.Debug|Any CPU.ActiveCfg = Debug|Any CPU
		{7DAB488D-7699-4FCF-BE70-64D4C19DDC52}.Debug|Any CPU.Build.0 = Debug|Any CPU
		{7DAB488D-7699-4FCF-BE70-64D4C19DDC52}.Release|Any CPU.ActiveCfg = Release|Any CPU
		{7DAB488D-7699-4FCF-BE70-64D4C19DDC52}.Release|Any CPU.Build.0 = Release|Any CPU
		{96DBF660-644E-4261-A5FF-16EF8B4E5BC8}.Debug|Any CPU.ActiveCfg = Debug|Any CPU
		{96DBF660-644E-4261-A5FF-16EF8B4E5BC8}.Debug|Any CPU.Build.0 = Debug|Any CPU
		{96DBF660-644E-4261-A5FF-16EF8B4E5BC8}.Release|Any CPU.ActiveCfg = Release|Any CPU
		{96DBF660-644E-4261-A5FF-16EF8B4E5BC8}.Release|Any CPU.Build.0 = Release|Any CPU
	EndGlobalSection
	GlobalSection(SolutionProperties) = preSolution
		HideSolutionNode = FALSE
	EndGlobalSection
	GlobalSection(ExtensibilityGlobals) = postSolution
		SolutionGuid = {18647AA2-9466-439D-95A9-D0D3EC7965DB}
	EndGlobalSection
EndGlobal
